// !$*UTF8*$!
{
	archiveVersion = 1;
	classes = {
	};
	objectVersion = 55;
	objects = {

/* Begin PBXBuildFile section */
		690C7FD2270801930019373F /* Assets.xcassets in Resources */ = {isa = PBXBuildFile; fileRef = 69FA8FC42704ADBC00188E22 /* Assets.xcassets */; };
		693F7F562715268A00B2BD6E /* SearchField.swift in Sources */ = {isa = PBXBuildFile; fileRef = 693F7F552715268A00B2BD6E /* SearchField.swift */; };
		694AB1A0271E6321007D852B /* Place.swift in Sources */ = {isa = PBXBuildFile; fileRef = 694AB19F271E6321007D852B /* Place.swift */; };
		699213C92708FE72007293C8 /* InfoView.swift in Sources */ = {isa = PBXBuildFile; fileRef = 699213C82708FE72007293C8 /* InfoView.swift */; };
		699213CB270B4D61007293C8 /* MapViewModel.swift in Sources */ = {isa = PBXBuildFile; fileRef = 699213CA270B4D61007293C8 /* MapViewModel.swift */; };
		69BAB867272CBBCE00D61A2C /* MapView.swift in Sources */ = {isa = PBXBuildFile; fileRef = 69BAB866272CBBCE00D61A2C /* MapView.swift */; };
		69E2F83D270E160600CC4586 /* AlertItem.swift in Sources */ = {isa = PBXBuildFile; fileRef = 69E2F83C270E160600CC4586 /* AlertItem.swift */; };
		69FA8FC12704ADBB00188E22 /* GetItDoneApp.swift in Sources */ = {isa = PBXBuildFile; fileRef = 69FA8FC02704ADBB00188E22 /* GetItDoneApp.swift */; };
		69FA8FC82704ADBC00188E22 /* Preview Assets.xcassets in Resources */ = {isa = PBXBuildFile; fileRef = 69FA8FC72704ADBC00188E22 /* Preview Assets.xcassets */; };
		69FA8FD42704AEBC00188E22 /* GetItDone.xcdatamodeld in Sources */ = {isa = PBXBuildFile; fileRef = 69FA8FD22704AEBC00188E22 /* GetItDone.xcdatamodeld */; };
		69FA8FDE2704B01400188E22 /* HideKeyboard.swift in Sources */ = {isa = PBXBuildFile; fileRef = 69FA8FDD2704B01400188E22 /* HideKeyboard.swift */; };
		69FA8FE22704B20900188E22 /* Constants.swift in Sources */ = {isa = PBXBuildFile; fileRef = 69FA8FDF2704B20900188E22 /* Constants.swift */; };
		69FA8FE32704B20900188E22 /* NewCheckBoxStyle.swift in Sources */ = {isa = PBXBuildFile; fileRef = 69FA8FE02704B20900188E22 /* NewCheckBoxStyle.swift */; };
		69FA8FE42704B20900188E22 /* NotificationManager.swift in Sources */ = {isa = PBXBuildFile; fileRef = 69FA8FE12704B20900188E22 /* NotificationManager.swift */; };
		69FA8FEC2704B2D600188E22 /* NewTaskView.swift in Sources */ = {isa = PBXBuildFile; fileRef = 69FA8FE72704B2D600188E22 /* NewTaskView.swift */; };
		69FA8FED2704B2D600188E22 /* HomeView.swift in Sources */ = {isa = PBXBuildFile; fileRef = 69FA8FE82704B2D600188E22 /* HomeView.swift */; };
		69FA8FEE2704B2D600188E22 /* TaskDetailView.swift in Sources */ = {isa = PBXBuildFile; fileRef = 69FA8FE92704B2D600188E22 /* TaskDetailView.swift */; };
		69FA8FEF2704B2D600188E22 /* TaskRowView.swift in Sources */ = {isa = PBXBuildFile; fileRef = 69FA8FEA2704B2D600188E22 /* TaskRowView.swift */; };
		69FA8FF02704B2D600188E22 /* MaskView.swift in Sources */ = {isa = PBXBuildFile; fileRef = 69FA8FEB2704B2D600188E22 /* MaskView.swift */; };
		69FA8FF32704B33200188E22 /* TaskViewModel.swift in Sources */ = {isa = PBXBuildFile; fileRef = 69FA8FF22704B33200188E22 /* TaskViewModel.swift */; };
		69FA8FF72704B36600188E22 /* BackgroundImageView.swift in Sources */ = {isa = PBXBuildFile; fileRef = 69FA8FF52704B36600188E22 /* BackgroundImageView.swift */; };
		69FA8FF82704B36600188E22 /* HeaderView.swift in Sources */ = {isa = PBXBuildFile; fileRef = 69FA8FF62704B36600188E22 /* HeaderView.swift */; };
		69FA90022704B3B800188E22 /* PreviewProvider.swift in Sources */ = {isa = PBXBuildFile; fileRef = 69FA8FFE2704B3B800188E22 /* PreviewProvider.swift */; };
		69FA90032704B3B800188E22 /* String.swift in Sources */ = {isa = PBXBuildFile; fileRef = 69FA8FFF2704B3B800188E22 /* String.swift */; };
		69FA90042704B3B800188E22 /* Date.swift in Sources */ = {isa = PBXBuildFile; fileRef = 69FA90002704B3B800188E22 /* Date.swift */; };
		69FA90052704B3B800188E22 /* Color.swift in Sources */ = {isa = PBXBuildFile; fileRef = 69FA90012704B3B800188E22 /* Color.swift */; };
/* End PBXBuildFile section */

/* Begin PBXFileReference section */
		693F7F552715268A00B2BD6E /* SearchField.swift */ = {isa = PBXFileReference; lastKnownFileType = sourcecode.swift; path = SearchField.swift; sourceTree = "<group>"; };
		694AB19F271E6321007D852B /* Place.swift */ = {isa = PBXFileReference; lastKnownFileType = sourcecode.swift; path = Place.swift; sourceTree = "<group>"; };
		699213C82708FE72007293C8 /* InfoView.swift */ = {isa = PBXFileReference; lastKnownFileType = sourcecode.swift; path = InfoView.swift; sourceTree = "<group>"; };
		699213CA270B4D61007293C8 /* MapViewModel.swift */ = {isa = PBXFileReference; lastKnownFileType = sourcecode.swift; path = MapViewModel.swift; sourceTree = "<group>"; };
		69BAB866272CBBCE00D61A2C /* MapView.swift */ = {isa = PBXFileReference; lastKnownFileType = sourcecode.swift; path = MapView.swift; sourceTree = "<group>"; };
		69E2F83C270E160600CC4586 /* AlertItem.swift */ = {isa = PBXFileReference; lastKnownFileType = sourcecode.swift; path = AlertItem.swift; sourceTree = "<group>"; };
		69FA8FBD2704ADBB00188E22 /* GetItDone.app */ = {isa = PBXFileReference; explicitFileType = wrapper.application; includeInIndex = 0; path = GetItDone.app; sourceTree = BUILT_PRODUCTS_DIR; };
		69FA8FC02704ADBB00188E22 /* GetItDoneApp.swift */ = {isa = PBXFileReference; lastKnownFileType = sourcecode.swift; path = GetItDoneApp.swift; sourceTree = "<group>"; };
		69FA8FC42704ADBC00188E22 /* Assets.xcassets */ = {isa = PBXFileReference; lastKnownFileType = folder.assetcatalog; path = Assets.xcassets; sourceTree = "<group>"; };
		69FA8FC72704ADBC00188E22 /* Preview Assets.xcassets */ = {isa = PBXFileReference; lastKnownFileType = folder.assetcatalog; path = "Preview Assets.xcassets"; sourceTree = "<group>"; };
		69FA8FD32704AEBC00188E22 /* TaskContainer.xcdatamodel */ = {isa = PBXFileReference; lastKnownFileType = wrapper.xcdatamodel; path = TaskContainer.xcdatamodel; sourceTree = "<group>"; };
		69FA8FDD2704B01400188E22 /* HideKeyboard.swift */ = {isa = PBXFileReference; fileEncoding = 4; lastKnownFileType = sourcecode.swift; path = HideKeyboard.swift; sourceTree = "<group>"; };
		69FA8FDF2704B20900188E22 /* Constants.swift */ = {isa = PBXFileReference; fileEncoding = 4; lastKnownFileType = sourcecode.swift; path = Constants.swift; sourceTree = "<group>"; };
		69FA8FE02704B20900188E22 /* NewCheckBoxStyle.swift */ = {isa = PBXFileReference; fileEncoding = 4; lastKnownFileType = sourcecode.swift; path = NewCheckBoxStyle.swift; sourceTree = "<group>"; };
		69FA8FE12704B20900188E22 /* NotificationManager.swift */ = {isa = PBXFileReference; fileEncoding = 4; lastKnownFileType = sourcecode.swift; path = NotificationManager.swift; sourceTree = "<group>"; };
		69FA8FE72704B2D600188E22 /* NewTaskView.swift */ = {isa = PBXFileReference; fileEncoding = 4; lastKnownFileType = sourcecode.swift; path = NewTaskView.swift; sourceTree = "<group>"; };
		69FA8FE82704B2D600188E22 /* HomeView.swift */ = {isa = PBXFileReference; fileEncoding = 4; lastKnownFileType = sourcecode.swift; path = HomeView.swift; sourceTree = "<group>"; };
		69FA8FE92704B2D600188E22 /* TaskDetailView.swift */ = {isa = PBXFileReference; fileEncoding = 4; lastKnownFileType = sourcecode.swift; path = TaskDetailView.swift; sourceTree = "<group>"; };
		69FA8FEA2704B2D600188E22 /* TaskRowView.swift */ = {isa = PBXFileReference; fileEncoding = 4; lastKnownFileType = sourcecode.swift; path = TaskRowView.swift; sourceTree = "<group>"; };
		69FA8FEB2704B2D600188E22 /* MaskView.swift */ = {isa = PBXFileReference; fileEncoding = 4; lastKnownFileType = sourcecode.swift; path = MaskView.swift; sourceTree = "<group>"; };
		69FA8FF22704B33200188E22 /* TaskViewModel.swift */ = {isa = PBXFileReference; fileEncoding = 4; lastKnownFileType = sourcecode.swift; path = TaskViewModel.swift; sourceTree = "<group>"; };
		69FA8FF52704B36600188E22 /* BackgroundImageView.swift */ = {isa = PBXFileReference; fileEncoding = 4; lastKnownFileType = sourcecode.swift; path = BackgroundImageView.swift; sourceTree = "<group>"; };
		69FA8FF62704B36600188E22 /* HeaderView.swift */ = {isa = PBXFileReference; fileEncoding = 4; lastKnownFileType = sourcecode.swift; path = HeaderView.swift; sourceTree = "<group>"; };
		69FA8FFE2704B3B800188E22 /* PreviewProvider.swift */ = {isa = PBXFileReference; fileEncoding = 4; lastKnownFileType = sourcecode.swift; path = PreviewProvider.swift; sourceTree = "<group>"; };
		69FA8FFF2704B3B800188E22 /* String.swift */ = {isa = PBXFileReference; fileEncoding = 4; lastKnownFileType = sourcecode.swift; path = String.swift; sourceTree = "<group>"; };
		69FA90002704B3B800188E22 /* Date.swift */ = {isa = PBXFileReference; fileEncoding = 4; lastKnownFileType = sourcecode.swift; path = Date.swift; sourceTree = "<group>"; };
		69FA90012704B3B800188E22 /* Color.swift */ = {isa = PBXFileReference; fileEncoding = 4; lastKnownFileType = sourcecode.swift; path = Color.swift; sourceTree = "<group>"; };
/* End PBXFileReference section */

/* Begin PBXFrameworksBuildPhase section */
		69FA8FBA2704ADBB00188E22 /* Frameworks */ = {
			isa = PBXFrameworksBuildPhase;
			buildActionMask = 2147483647;
			files = (
			);
			runOnlyForDeploymentPostprocessing = 0;
		};
/* End PBXFrameworksBuildPhase section */

/* Begin PBXGroup section */
		69FA8FB42704ADBB00188E22 = {
			isa = PBXGroup;
			children = (
				69FA8FBF2704ADBB00188E22 /* GetItDone */,
				69FA8FBE2704ADBB00188E22 /* Products */,
			);
			sourceTree = "<group>";
		};
		69FA8FBE2704ADBB00188E22 /* Products */ = {
			isa = PBXGroup;
			children = (
				69FA8FBD2704ADBB00188E22 /* GetItDone.app */,
			);
			name = Products;
			sourceTree = "<group>";
		};
		69FA8FBF2704ADBB00188E22 /* GetItDone */ = {
			isa = PBXGroup;
			children = (
				69FA8FF92704B37F00188E22 /* Extensions */,
				69FA8FE52704B26600188E22 /* Main */,
				69FA8FDC2704AFEA00188E22 /* Utilities */,
				69FA8FCE2704ADFA00188E22 /* Model */,
				69FA8FC02704ADBB00188E22 /* GetItDoneApp.swift */,
				69FA8FC42704ADBC00188E22 /* Assets.xcassets */,
				69FA8FC62704ADBC00188E22 /* Preview Content */,
			);
			path = GetItDone;
			sourceTree = "<group>";
		};
		69FA8FC62704ADBC00188E22 /* Preview Content */ = {
			isa = PBXGroup;
			children = (
				69FA8FC72704ADBC00188E22 /* Preview Assets.xcassets */,
			);
			path = "Preview Content";
			sourceTree = "<group>";
		};
		69FA8FCE2704ADFA00188E22 /* Model */ = {
			isa = PBXGroup;
			children = (
				69FA8FD22704AEBC00188E22 /* GetItDone.xcdatamodeld */,
				694AB19F271E6321007D852B /* Place.swift */,
			);
			path = Model;
			sourceTree = "<group>";
		};
		69FA8FDC2704AFEA00188E22 /* Utilities */ = {
			isa = PBXGroup;
			children = (
				69FA8FDF2704B20900188E22 /* Constants.swift */,
				69FA8FE02704B20900188E22 /* NewCheckBoxStyle.swift */,
				69FA8FE12704B20900188E22 /* NotificationManager.swift */,
				69FA8FDD2704B01400188E22 /* HideKeyboard.swift */,
				69E2F83C270E160600CC4586 /* AlertItem.swift */,
			);
			path = Utilities;
			sourceTree = "<group>";
		};
		69FA8FE52704B26600188E22 /* Main */ = {
			isa = PBXGroup;
			children = (
				69FA8FF12704B32000188E22 /* View Model */,
				69FA8FE62704B29A00188E22 /* View */,
			);
			path = Main;
			sourceTree = "<group>";
		};
		69FA8FE62704B29A00188E22 /* View */ = {
			isa = PBXGroup;
			children = (
				69FA8FE82704B2D600188E22 /* HomeView.swift */,
				69FA8FEB2704B2D600188E22 /* MaskView.swift */,
				69FA8FE72704B2D600188E22 /* NewTaskView.swift */,
				69FA8FE92704B2D600188E22 /* TaskDetailView.swift */,
				69BAB866272CBBCE00D61A2C /* MapView.swift */,
				69FA8FEA2704B2D600188E22 /* TaskRowView.swift */,
				699213C82708FE72007293C8 /* InfoView.swift */,
				69FA8FF42704B34B00188E22 /* Components */,
			);
			path = View;
			sourceTree = "<group>";
		};
		69FA8FF12704B32000188E22 /* View Model */ = {
			isa = PBXGroup;
			children = (
				69FA8FF22704B33200188E22 /* TaskViewModel.swift */,
				699213CA270B4D61007293C8 /* MapViewModel.swift */,
			);
			path = "View Model";
			sourceTree = "<group>";
		};
		69FA8FF42704B34B00188E22 /* Components */ = {
			isa = PBXGroup;
			children = (
				69FA8FF52704B36600188E22 /* BackgroundImageView.swift */,
				69FA8FF62704B36600188E22 /* HeaderView.swift */,
				693F7F552715268A00B2BD6E /* SearchField.swift */,
			);
			path = Components;
			sourceTree = "<group>";
		};
		69FA8FF92704B37F00188E22 /* Extensions */ = {
			isa = PBXGroup;
			children = (
				69FA90012704B3B800188E22 /* Color.swift */,
				69FA90002704B3B800188E22 /* Date.swift */,
				69FA8FFE2704B3B800188E22 /* PreviewProvider.swift */,
				69FA8FFF2704B3B800188E22 /* String.swift */,
			);
			path = Extensions;
			sourceTree = "<group>";
		};
/* End PBXGroup section */

/* Begin PBXNativeTarget section */
		69FA8FBC2704ADBB00188E22 /* GetItDone */ = {
			isa = PBXNativeTarget;
			buildConfigurationList = 69FA8FCB2704ADBC00188E22 /* Build configuration list for PBXNativeTarget "GetItDone" */;
			buildPhases = (
				69FA8FB92704ADBB00188E22 /* Sources */,
				69FA8FBA2704ADBB00188E22 /* Frameworks */,
				69FA8FBB2704ADBB00188E22 /* Resources */,
			);
			buildRules = (
			);
			dependencies = (
			);
			name = GetItDone;
			productName = GetItDone;
			productReference = 69FA8FBD2704ADBB00188E22 /* GetItDone.app */;
			productType = "com.apple.product-type.application";
		};
/* End PBXNativeTarget section */

/* Begin PBXProject section */
		69FA8FB52704ADBB00188E22 /* Project object */ = {
			isa = PBXProject;
			attributes = {
				BuildIndependentTargetsInParallel = 1;
				LastSwiftUpdateCheck = 1300;
				LastUpgradeCheck = 1300;
				TargetAttributes = {
					69FA8FBC2704ADBB00188E22 = {
						CreatedOnToolsVersion = 13.0;
					};
				};
			};
			buildConfigurationList = 69FA8FB82704ADBB00188E22 /* Build configuration list for PBXProject "GetItDone" */;
			compatibilityVersion = "Xcode 13.0";
			developmentRegion = en;
			hasScannedForEncodings = 0;
			knownRegions = (
				en,
				Base,
			);
			mainGroup = 69FA8FB42704ADBB00188E22;
			productRefGroup = 69FA8FBE2704ADBB00188E22 /* Products */;
			projectDirPath = "";
			projectRoot = "";
			targets = (
				69FA8FBC2704ADBB00188E22 /* GetItDone */,
			);
		};
/* End PBXProject section */

/* Begin PBXResourcesBuildPhase section */
		69FA8FBB2704ADBB00188E22 /* Resources */ = {
			isa = PBXResourcesBuildPhase;
			buildActionMask = 2147483647;
			files = (
				690C7FD2270801930019373F /* Assets.xcassets in Resources */,
				69FA8FC82704ADBC00188E22 /* Preview Assets.xcassets in Resources */,
			);
			runOnlyForDeploymentPostprocessing = 0;
		};
/* End PBXResourcesBuildPhase section */

/* Begin PBXSourcesBuildPhase section */
		69FA8FB92704ADBB00188E22 /* Sources */ = {
			isa = PBXSourcesBuildPhase;
			buildActionMask = 2147483647;
			files = (
				69FA8FED2704B2D600188E22 /* HomeView.swift in Sources */,
				69FA8FE22704B20900188E22 /* Constants.swift in Sources */,
				69FA8FEF2704B2D600188E22 /* TaskRowView.swift in Sources */,
				69FA8FDE2704B01400188E22 /* HideKeyboard.swift in Sources */,
				69FA8FEE2704B2D600188E22 /* TaskDetailView.swift in Sources */,
				69FA8FF32704B33200188E22 /* TaskViewModel.swift in Sources */,
				693F7F562715268A00B2BD6E /* SearchField.swift in Sources */,
				699213C92708FE72007293C8 /* InfoView.swift in Sources */,
				69FA90042704B3B800188E22 /* Date.swift in Sources */,
				69FA8FE32704B20900188E22 /* NewCheckBoxStyle.swift in Sources */,
				69FA8FF72704B36600188E22 /* BackgroundImageView.swift in Sources */,
				69E2F83D270E160600CC4586 /* AlertItem.swift in Sources */,
				69BAB867272CBBCE00D61A2C /* MapView.swift in Sources */,
				69FA8FEC2704B2D600188E22 /* NewTaskView.swift in Sources */,
				69FA90052704B3B800188E22 /* Color.swift in Sources */,
				699213CB270B4D61007293C8 /* MapViewModel.swift in Sources */,
				69FA8FF82704B36600188E22 /* HeaderView.swift in Sources */,
				69FA8FF02704B2D600188E22 /* MaskView.swift in Sources */,
				69FA8FE42704B20900188E22 /* NotificationManager.swift in Sources */,
				694AB1A0271E6321007D852B /* Place.swift in Sources */,
				69FA90022704B3B800188E22 /* PreviewProvider.swift in Sources */,
				69FA90032704B3B800188E22 /* String.swift in Sources */,
				69FA8FD42704AEBC00188E22 /* GetItDone.xcdatamodeld in Sources */,
				69FA8FC12704ADBB00188E22 /* GetItDoneApp.swift in Sources */,
			);
			runOnlyForDeploymentPostprocessing = 0;
		};
/* End PBXSourcesBuildPhase section */

/* Begin XCBuildConfiguration section */
		69FA8FC92704ADBC00188E22 /* Debug */ = {
			isa = XCBuildConfiguration;
			buildSettings = {
				ALWAYS_SEARCH_USER_PATHS = NO;
				CLANG_ANALYZER_NONNULL = YES;
				CLANG_ANALYZER_NUMBER_OBJECT_CONVERSION = YES_AGGRESSIVE;
				CLANG_CXX_LANGUAGE_STANDARD = "gnu++17";
				CLANG_CXX_LIBRARY = "libc++";
				CLANG_ENABLE_MODULES = YES;
				CLANG_ENABLE_OBJC_ARC = YES;
				CLANG_ENABLE_OBJC_WEAK = YES;
				CLANG_WARN_BLOCK_CAPTURE_AUTORELEASING = YES;
				CLANG_WARN_BOOL_CONVERSION = YES;
				CLANG_WARN_COMMA = YES;
				CLANG_WARN_CONSTANT_CONVERSION = YES;
				CLANG_WARN_DEPRECATED_OBJC_IMPLEMENTATIONS = YES;
				CLANG_WARN_DIRECT_OBJC_ISA_USAGE = YES_ERROR;
				CLANG_WARN_DOCUMENTATION_COMMENTS = YES;
				CLANG_WARN_EMPTY_BODY = YES;
				CLANG_WARN_ENUM_CONVERSION = YES;
				CLANG_WARN_INFINITE_RECURSION = YES;
				CLANG_WARN_INT_CONVERSION = YES;
				CLANG_WARN_NON_LITERAL_NULL_CONVERSION = YES;
				CLANG_WARN_OBJC_IMPLICIT_RETAIN_SELF = YES;
				CLANG_WARN_OBJC_LITERAL_CONVERSION = YES;
				CLANG_WARN_OBJC_ROOT_CLASS = YES_ERROR;
				CLANG_WARN_QUOTED_INCLUDE_IN_FRAMEWORK_HEADER = YES;
				CLANG_WARN_RANGE_LOOP_ANALYSIS = YES;
				CLANG_WARN_STRICT_PROTOTYPES = YES;
				CLANG_WARN_SUSPICIOUS_MOVE = YES;
				CLANG_WARN_UNGUARDED_AVAILABILITY = YES_AGGRESSIVE;
				CLANG_WARN_UNREACHABLE_CODE = YES;
				CLANG_WARN__DUPLICATE_METHOD_MATCH = YES;
				COPY_PHASE_STRIP = NO;
				DEBUG_INFORMATION_FORMAT = dwarf;
				ENABLE_STRICT_OBJC_MSGSEND = YES;
				ENABLE_TESTABILITY = YES;
				GCC_C_LANGUAGE_STANDARD = gnu11;
				GCC_DYNAMIC_NO_PIC = NO;
				GCC_NO_COMMON_BLOCKS = YES;
				GCC_OPTIMIZATION_LEVEL = 0;
				GCC_PREPROCESSOR_DEFINITIONS = (
					"DEBUG=1",
					"$(inherited)",
				);
				GCC_WARN_64_TO_32_BIT_CONVERSION = YES;
				GCC_WARN_ABOUT_RETURN_TYPE = YES_ERROR;
				GCC_WARN_UNDECLARED_SELECTOR = YES;
				GCC_WARN_UNINITIALIZED_AUTOS = YES_AGGRESSIVE;
				GCC_WARN_UNUSED_FUNCTION = YES;
				GCC_WARN_UNUSED_VARIABLE = YES;
				IPHONEOS_DEPLOYMENT_TARGET = 15.0;
				MTL_ENABLE_DEBUG_INFO = INCLUDE_SOURCE;
				MTL_FAST_MATH = YES;
				ONLY_ACTIVE_ARCH = YES;
				SDKROOT = iphoneos;
				SWIFT_ACTIVE_COMPILATION_CONDITIONS = DEBUG;
				SWIFT_OPTIMIZATION_LEVEL = "-Onone";
			};
			name = Debug;
		};
		69FA8FCA2704ADBC00188E22 /* Release */ = {
			isa = XCBuildConfiguration;
			buildSettings = {
				ALWAYS_SEARCH_USER_PATHS = NO;
				CLANG_ANALYZER_NONNULL = YES;
				CLANG_ANALYZER_NUMBER_OBJECT_CONVERSION = YES_AGGRESSIVE;
				CLANG_CXX_LANGUAGE_STANDARD = "gnu++17";
				CLANG_CXX_LIBRARY = "libc++";
				CLANG_ENABLE_MODULES = YES;
				CLANG_ENABLE_OBJC_ARC = YES;
				CLANG_ENABLE_OBJC_WEAK = YES;
				CLANG_WARN_BLOCK_CAPTURE_AUTORELEASING = YES;
				CLANG_WARN_BOOL_CONVERSION = YES;
				CLANG_WARN_COMMA = YES;
				CLANG_WARN_CONSTANT_CONVERSION = YES;
				CLANG_WARN_DEPRECATED_OBJC_IMPLEMENTATIONS = YES;
				CLANG_WARN_DIRECT_OBJC_ISA_USAGE = YES_ERROR;
				CLANG_WARN_DOCUMENTATION_COMMENTS = YES;
				CLANG_WARN_EMPTY_BODY = YES;
				CLANG_WARN_ENUM_CONVERSION = YES;
				CLANG_WARN_INFINITE_RECURSION = YES;
				CLANG_WARN_INT_CONVERSION = YES;
				CLANG_WARN_NON_LITERAL_NULL_CONVERSION = YES;
				CLANG_WARN_OBJC_IMPLICIT_RETAIN_SELF = YES;
				CLANG_WARN_OBJC_LITERAL_CONVERSION = YES;
				CLANG_WARN_OBJC_ROOT_CLASS = YES_ERROR;
				CLANG_WARN_QUOTED_INCLUDE_IN_FRAMEWORK_HEADER = YES;
				CLANG_WARN_RANGE_LOOP_ANALYSIS = YES;
				CLANG_WARN_STRICT_PROTOTYPES = YES;
				CLANG_WARN_SUSPICIOUS_MOVE = YES;
				CLANG_WARN_UNGUARDED_AVAILABILITY = YES_AGGRESSIVE;
				CLANG_WARN_UNREACHABLE_CODE = YES;
				CLANG_WARN__DUPLICATE_METHOD_MATCH = YES;
				COPY_PHASE_STRIP = NO;
				DEBUG_INFORMATION_FORMAT = "dwarf-with-dsym";
				ENABLE_NS_ASSERTIONS = NO;
				ENABLE_STRICT_OBJC_MSGSEND = YES;
				GCC_C_LANGUAGE_STANDARD = gnu11;
				GCC_NO_COMMON_BLOCKS = YES;
				GCC_WARN_64_TO_32_BIT_CONVERSION = YES;
				GCC_WARN_ABOUT_RETURN_TYPE = YES_ERROR;
				GCC_WARN_UNDECLARED_SELECTOR = YES;
				GCC_WARN_UNINITIALIZED_AUTOS = YES_AGGRESSIVE;
				GCC_WARN_UNUSED_FUNCTION = YES;
				GCC_WARN_UNUSED_VARIABLE = YES;
				IPHONEOS_DEPLOYMENT_TARGET = 15.0;
				MTL_ENABLE_DEBUG_INFO = NO;
				MTL_FAST_MATH = YES;
				SDKROOT = iphoneos;
				SWIFT_COMPILATION_MODE = wholemodule;
				SWIFT_OPTIMIZATION_LEVEL = "-O";
				VALIDATE_PRODUCT = YES;
			};
			name = Release;
		};
		69FA8FCC2704ADBC00188E22 /* Debug */ = {
			isa = XCBuildConfiguration;
			buildSettings = {
				ASSETCATALOG_COMPILER_APPICON_NAME = AppIcon;
				ASSETCATALOG_COMPILER_GLOBAL_ACCENT_COLOR_NAME = AccentColor;
				CODE_SIGN_STYLE = Automatic;
				CURRENT_PROJECT_VERSION = 1;
				DEVELOPMENT_ASSET_PATHS = "\"GetItDone/Preview Content\"";
				DEVELOPMENT_TEAM = ZV922PUPXL;
				ENABLE_PREVIEWS = YES;
				GENERATE_INFOPLIST_FILE = YES;
				INFOPLIST_KEY_NSLocationWhenInUseUsageDescription = "This app needs your location to show alerts.";
				INFOPLIST_KEY_UIApplicationSceneManifest_Generation = YES;
				INFOPLIST_KEY_UIApplicationSupportsIndirectInputEvents = YES;
				INFOPLIST_KEY_UILaunchScreen_Generation = YES;
				INFOPLIST_KEY_UISupportedInterfaceOrientations = UIInterfaceOrientationPortrait;
				INFOPLIST_KEY_UISupportedInterfaceOrientations_iPad = "";
				INFOPLIST_KEY_UISupportedInterfaceOrientations_iPhone = UIInterfaceOrientationPortrait;
				IPHONEOS_DEPLOYMENT_TARGET = 14.0;
				LD_RUNPATH_SEARCH_PATHS = (
					"$(inherited)",
					"@executable_path/Frameworks",
				);
				MARKETING_VERSION = 1.0;
				PRODUCT_BUNDLE_IDENTIFIER = com.sergiocardoso.GetItDone;
				PRODUCT_NAME = "$(TARGET_NAME)";
				SWIFT_EMIT_LOC_STRINGS = YES;
				SWIFT_VERSION = 5.0;
				TARGETED_DEVICE_FAMILY = 1;
			};
			name = Debug;
		};
		69FA8FCD2704ADBC00188E22 /* Release */ = {
			isa = XCBuildConfiguration;
			buildSettings = {
				ASSETCATALOG_COMPILER_APPICON_NAME = AppIcon;
				ASSETCATALOG_COMPILER_GLOBAL_ACCENT_COLOR_NAME = AccentColor;
				CODE_SIGN_STYLE = Automatic;
				CURRENT_PROJECT_VERSION = 1;
				DEVELOPMENT_ASSET_PATHS = "\"GetItDone/Preview Content\"";
				DEVELOPMENT_TEAM = ZV922PUPXL;
				ENABLE_PREVIEWS = YES;
				GENERATE_INFOPLIST_FILE = YES;
				INFOPLIST_KEY_NSLocationWhenInUseUsageDescription = "This app needs your location to show alerts.";
				INFOPLIST_KEY_UIApplicationSceneManifest_Generation = YES;
				INFOPLIST_KEY_UIApplicationSupportsIndirectInputEvents = YES;
				INFOPLIST_KEY_UILaunchScreen_Generation = YES;
				INFOPLIST_KEY_UISupportedInterfaceOrientations = UIInterfaceOrientationPortrait;
				INFOPLIST_KEY_UISupportedInterfaceOrientations_iPad = "";
				INFOPLIST_KEY_UISupportedInterfaceOrientations_iPhone = UIInterfaceOrientationPortrait;
				IPHONEOS_DEPLOYMENT_TARGET = 14.0;
				LD_RUNPATH_SEARCH_PATHS = (
					"$(inherited)",
					"@executable_path/Frameworks",
				);
				MARKETING_VERSION = 1.0;
				PRODUCT_BUNDLE_IDENTIFIER = com.sergiocardoso.GetItDone;
				PRODUCT_NAME = "$(TARGET_NAME)";
				SWIFT_EMIT_LOC_STRINGS = YES;
				SWIFT_VERSION = 5.0;
				TARGETED_DEVICE_FAMILY = 1;
			};
			name = Release;
		};
/* End XCBuildConfiguration section */

/* Begin XCConfigurationList section */
		69FA8FB82704ADBB00188E22 /* Build configuration list for PBXProject "GetItDone" */ = {
			isa = XCConfigurationList;
			buildConfigurations = (
				69FA8FC92704ADBC00188E22 /* Debug */,
				69FA8FCA2704ADBC00188E22 /* Release */,
			);
			defaultConfigurationIsVisible = 0;
			defaultConfigurationName = Release;
		};
		69FA8FCB2704ADBC00188E22 /* Build configuration list for PBXNativeTarget "GetItDone" */ = {
			isa = XCConfigurationList;
			buildConfigurations = (
				69FA8FCC2704ADBC00188E22 /* Debug */,
				69FA8FCD2704ADBC00188E22 /* Release */,
			);
			defaultConfigurationIsVisible = 0;
			defaultConfigurationName = Release;
		};
/* End XCConfigurationList section */

/* Begin XCVersionGroup section */
		69FA8FD22704AEBC00188E22 /* GetItDone.xcdatamodeld */ = {
			isa = XCVersionGroup;
			children = (
				69FA8FD32704AEBC00188E22 /* TaskContainer.xcdatamodel */,
			);
			currentVersion = 69FA8FD32704AEBC00188E22 /* TaskContainer.xcdatamodel */;
			path = GetItDone.xcdatamodeld;
			sourceTree = "<group>";
			versionGroupType = wrapper.xcdatamodel;
		};
/* End XCVersionGroup section */
	};
	rootObject = 69FA8FB52704ADBB00188E22 /* Project object */;
}
